github.com/01-edu/go-tests v0.0.0-20240311184028-f5e979202e48 h1:KBVwc/M3h0EZCHrQNFBxDAlRo2J72BEvb3BNxIKZaXA=
github.com/01-edu/go-tests v0.0.0-20240311184028-f5e979202e48/go.mod h1:IYzuZWohzjAyod6PZ/oOxLeUFhf9yb361OVWWUqSgyM=
github.com/01-edu/z01 v0.1.0 h1:Rr1p92CKYXUgVFw872iGDABXpdkuKf2jmS+KV6r1034=
github.com/01-edu/z01 v0.1.0/go.mod h1:BH7t35JaNFuP83rTJDc5nkSfgmC/HYVcJsUcdFqYZNo=
